schema: '2.0'
stages:
  training:
    cmd: python src/Phishing/pipelines/training_pipeline.py
    deps:
    - path: src/Phishing/components/data_ingestion.py
      hash: md5
      md5: 377820e60fbf507f4d68b5b1ad88a43c
      size: 6989
    - path: src/Phishing/components/data_transformation.py
      hash: md5
      md5: 48520f7ea31c904af6f81f757d1f481c
      size: 7009
    - path: src/Phishing/components/model_evaluation.py
      hash: md5
      md5: 03f9366d4260c720a598e932bdc3d9a5
      size: 2297
    - path: src/Phishing/components/model_trainer.py
      hash: md5
      md5: ef6df70709f1478bf19fdf98480676b6
      size: 3769
    - path: src/Phishing/pipelines/training_pipeline.py
      hash: md5
      md5: 4cb8f484c558b823cda2e4d79bdb4003
      size: 2985
    outs:
    - path: artifacts/model.pkl
      hash: md5
      md5: 5daa57c31958a67bf324263e00e2454e
      size: 581037
    - path: artifacts/preprocessor.pkl
      hash: md5
      md5: 67ae2cbd35e0aabc2f70fdb4185465f6
      size: 3817
    - path: artifacts/raw.csv
      hash: md5
      md5: 69f0015ad1a1deeaf5daab33f4d66b96
      size: 25564580
    - path: artifacts/test.csv
      hash: md5
      md5: 0484e13009ad3957d5b2810f41ad2b20
      size: 2257307
    - path: artifacts/train.csv
      hash: md5
      md5: 8a7511b34c4a177d758eb29499ff34e8
      size: 5261980
